// !$*UTF8*$!
{
	archiveVersion = 1;
	classes = {
	};
	objectVersion = 46;
	objects = {

/* Begin PBXBuildFile section */
		C13449D31BE4D6BE00882D33 /* Song.m in Sources */ = {isa = PBXBuildFile; fileRef = C13449D21BE4D6BE00882D33 /* Song.m */; };
		C13449D61BE74A9400882D33 /* UIView+MotionEffect.m in Sources */ = {isa = PBXBuildFile; fileRef = C13449D51BE74A9400882D33 /* UIView+MotionEffect.m */; };
		C13449D91BE74C8A00882D33 /* URLSessionOperation.m in Sources */ = {isa = PBXBuildFile; fileRef = C13449D81BE74C8A00882D33 /* URLSessionOperation.m */; };
		C1FC559E1BE4BC4800A2380A /* Assets.xcassets in Resources */ = {isa = PBXBuildFile; fileRef = C1FC55741BE4BC4800A2380A /* Assets.xcassets */; };
		C1FC559F1BE4BC4800A2380A /* LaunchScreen.storyboard in Resources */ = {isa = PBXBuildFile; fileRef = C1FC55751BE4BC4800A2380A /* LaunchScreen.storyboard */; };
		C1FC55A01BE4BC4800A2380A /* Main.storyboard in Resources */ = {isa = PBXBuildFile; fileRef = C1FC55771BE4BC4800A2380A /* Main.storyboard */; };
		C1FC55A21BE4BC4800A2380A /* main.m in Sources */ = {isa = PBXBuildFile; fileRef = C1FC557A1BE4BC4800A2380A /* main.m */; };
		C1FC55A31BE4BC4800A2380A /* DetailViewController.m in Sources */ = {isa = PBXBuildFile; fileRef = C1FC557E1BE4BC4800A2380A /* DetailViewController.m */; };
		C1FC55A41BE4BC4800A2380A /* MasterViewController.m in Sources */ = {isa = PBXBuildFile; fileRef = C1FC55811BE4BC4800A2380A /* MasterViewController.m */; };
		C1FC55A51BE4BC4800A2380A /* AppAssembly.m in Sources */ = {isa = PBXBuildFile; fileRef = C1FC55841BE4BC4800A2380A /* AppAssembly.m */; };
		C1FC55A61BE4BC4800A2380A /* AppDelegate.m in Sources */ = {isa = PBXBuildFile; fileRef = C1FC55861BE4BC4800A2380A /* AppDelegate.m */; };
		C1FC55A71BE4BC4800A2380A /* AppStyle.m in Sources */ = {isa = PBXBuildFile; fileRef = C1FC55881BE4BC4800A2380A /* AppStyle.m */; };
		C1FC55A81BE4BC4800A2380A /* SongTableViewCell.m in Sources */ = {isa = PBXBuildFile; fileRef = C1FC558C1BE4BC4800A2380A /* SongTableViewCell.m */; };
		C1FC55A91BE4BC4800A2380A /* SongTableViewCell.xib in Resources */ = {isa = PBXBuildFile; fileRef = C1FC558D1BE4BC4800A2380A /* SongTableViewCell.xib */; };
		C1FC55AD1BE4BC4800A2380A /* ItunesRemoteService.m in Sources */ = {isa = PBXBuildFile; fileRef = C1FC55981BE4BC4800A2380A /* ItunesRemoteService.m */; };
		C1FC55AE1BE4BC4800A2380A /* ItunesService.m in Sources */ = {isa = PBXBuildFile; fileRef = C1FC559B1BE4BC4800A2380A /* ItunesService.m */; };
		C1FC55AF1BE4BC4800A2380A /* ImageService.m in Sources */ = {isa = PBXBuildFile; fileRef = C1FC559D1BE4BC4800A2380A /* ImageService.m */; };
/* End PBXBuildFile section */

/* Begin PBXFileReference section */
		C13449D11BE4D6BE00882D33 /* Song.h */ = {isa = PBXFileReference; fileEncoding = 4; lastKnownFileType = sourcecode.c.h; path = Song.h; sourceTree = "<group>"; };
		C13449D21BE4D6BE00882D33 /* Song.m */ = {isa = PBXFileReference; fileEncoding = 4; lastKnownFileType = sourcecode.c.objc; path = Song.m; sourceTree = "<group>"; };
		C13449D41BE74A9400882D33 /* UIView+MotionEffect.h */ = {isa = PBXFileReference; fileEncoding = 4; lastKnownFileType = sourcecode.c.h; path = "UIView+MotionEffect.h"; sourceTree = "<group>"; };
		C13449D51BE74A9400882D33 /* UIView+MotionEffect.m */ = {isa = PBXFileReference; fileEncoding = 4; lastKnownFileType = sourcecode.c.objc; path = "UIView+MotionEffect.m"; sourceTree = "<group>"; };
		C13449D71BE74C8A00882D33 /* URLSessionOperation.h */ = {isa = PBXFileReference; fileEncoding = 4; lastKnownFileType = sourcecode.c.h; path = URLSessionOperation.h; sourceTree = "<group>"; };
		C13449D81BE74C8A00882D33 /* URLSessionOperation.m */ = {isa = PBXFileReference; fileEncoding = 4; lastKnownFileType = sourcecode.c.objc; path = URLSessionOperation.m; sourceTree = "<group>"; };
		C1FC55561BE4BB4A00A2380A /* itunes.app */ = {isa = PBXFileReference; explicitFileType = wrapper.application; includeInIndex = 0; path = itunes.app; sourceTree = BUILT_PRODUCTS_DIR; };
		C1FC55741BE4BC4800A2380A /* Assets.xcassets */ = {isa = PBXFileReference; lastKnownFileType = folder.assetcatalog; path = Assets.xcassets; sourceTree = "<group>"; };
		C1FC55761BE4BC4800A2380A /* Base */ = {isa = PBXFileReference; lastKnownFileType = file.storyboard; name = Base; path = Base.lproj/LaunchScreen.storyboard; sourceTree = "<group>"; };
		C1FC55781BE4BC4800A2380A /* Base */ = {isa = PBXFileReference; lastKnownFileType = file.storyboard; name = Base; path = Base.lproj/Main.storyboard; sourceTree = "<group>"; };
		C1FC55791BE4BC4800A2380A /* Info.plist */ = {isa = PBXFileReference; fileEncoding = 4; lastKnownFileType = text.plist.xml; path = Info.plist; sourceTree = "<group>"; };
		C1FC557A1BE4BC4800A2380A /* main.m */ = {isa = PBXFileReference; fileEncoding = 4; lastKnownFileType = sourcecode.c.objc; path = main.m; sourceTree = "<group>"; };
		C1FC557D1BE4BC4800A2380A /* DetailViewController.h */ = {isa = PBXFileReference; fileEncoding = 4; lastKnownFileType = sourcecode.c.h; path = DetailViewController.h; sourceTree = "<group>"; };
		C1FC557E1BE4BC4800A2380A /* DetailViewController.m */ = {isa = PBXFileReference; fileEncoding = 4; lastKnownFileType = sourcecode.c.objc; path = DetailViewController.m; sourceTree = "<group>"; };
		C1FC55801BE4BC4800A2380A /* MasterViewController.h */ = {isa = PBXFileReference; fileEncoding = 4; lastKnownFileType = sourcecode.c.h; path = MasterViewController.h; sourceTree = "<group>"; };
		C1FC55811BE4BC4800A2380A /* MasterViewController.m */ = {isa = PBXFileReference; fileEncoding = 4; lastKnownFileType = sourcecode.c.objc; path = MasterViewController.m; sourceTree = "<group>"; };
		C1FC55831BE4BC4800A2380A /* AppAssembly.h */ = {isa = PBXFileReference; fileEncoding = 4; lastKnownFileType = sourcecode.c.h; path = AppAssembly.h; sourceTree = "<group>"; };
		C1FC55841BE4BC4800A2380A /* AppAssembly.m */ = {isa = PBXFileReference; fileEncoding = 4; lastKnownFileType = sourcecode.c.objc; path = AppAssembly.m; sourceTree = "<group>"; };
		C1FC55851BE4BC4800A2380A /* AppDelegate.h */ = {isa = PBXFileReference; fileEncoding = 4; lastKnownFileType = sourcecode.c.h; path = AppDelegate.h; sourceTree = "<group>"; };
		C1FC55861BE4BC4800A2380A /* AppDelegate.m */ = {isa = PBXFileReference; fileEncoding = 4; lastKnownFileType = sourcecode.c.objc; path = AppDelegate.m; sourceTree = "<group>"; };
		C1FC55871BE4BC4800A2380A /* AppStyle.h */ = {isa = PBXFileReference; fileEncoding = 4; lastKnownFileType = sourcecode.c.h; path = AppStyle.h; sourceTree = "<group>"; };
		C1FC55881BE4BC4800A2380A /* AppStyle.m */ = {isa = PBXFileReference; fileEncoding = 4; lastKnownFileType = sourcecode.c.objc; path = AppStyle.m; sourceTree = "<group>"; };
		C1FC558B1BE4BC4800A2380A /* SongTableViewCell.h */ = {isa = PBXFileReference; fileEncoding = 4; lastKnownFileType = sourcecode.c.h; path = SongTableViewCell.h; sourceTree = "<group>"; };
		C1FC558C1BE4BC4800A2380A /* SongTableViewCell.m */ = {isa = PBXFileReference; fileEncoding = 4; lastKnownFileType = sourcecode.c.objc; path = SongTableViewCell.m; sourceTree = "<group>"; };
		C1FC558D1BE4BC4800A2380A /* SongTableViewCell.xib */ = {isa = PBXFileReference; fileEncoding = 4; lastKnownFileType = file.xib; path = SongTableViewCell.xib; sourceTree = "<group>"; };
		C1FC55971BE4BC4800A2380A /* ItunesRemoteService.h */ = {isa = PBXFileReference; fileEncoding = 4; lastKnownFileType = sourcecode.c.h; path = ItunesRemoteService.h; sourceTree = "<group>"; };
		C1FC55981BE4BC4800A2380A /* ItunesRemoteService.m */ = {isa = PBXFileReference; fileEncoding = 4; lastKnownFileType = sourcecode.c.objc; path = ItunesRemoteService.m; sourceTree = "<group>"; };
		C1FC559A1BE4BC4800A2380A /* ItunesService.h */ = {isa = PBXFileReference; fileEncoding = 4; lastKnownFileType = sourcecode.c.h; path = ItunesService.h; sourceTree = "<group>"; };
		C1FC559B1BE4BC4800A2380A /* ItunesService.m */ = {isa = PBXFileReference; fileEncoding = 4; lastKnownFileType = sourcecode.c.objc; path = ItunesService.m; sourceTree = "<group>"; };
		C1FC559C1BE4BC4800A2380A /* ImageService.h */ = {isa = PBXFileReference; fileEncoding = 4; lastKnownFileType = sourcecode.c.h; path = ImageService.h; sourceTree = "<group>"; };
		C1FC559D1BE4BC4800A2380A /* ImageService.m */ = {isa = PBXFileReference; fileEncoding = 4; lastKnownFileType = sourcecode.c.objc; path = ImageService.m; sourceTree = "<group>"; };
/* End PBXFileReference section */

/* Begin PBXFrameworksBuildPhase section */
		C1FC55531BE4BB4A00A2380A /* Frameworks */ = {
			isa = PBXFrameworksBuildPhase;
			buildActionMask = 2147483647;
			files = (
			);
			runOnlyForDeploymentPostprocessing = 0;
		};
/* End PBXFrameworksBuildPhase section */

/* Begin PBXGroup section */
		C1FC554D1BE4BB4A00A2380A = {
			isa = PBXGroup;
			children = (
				C1FC55581BE4BB4A00A2380A /* itunes */,
				C1FC55571BE4BB4A00A2380A /* Products */,
			);
			sourceTree = "<group>";
		};
		C1FC55571BE4BB4A00A2380A /* Products */ = {
			isa = PBXGroup;
			children = (
				C1FC55561BE4BB4A00A2380A /* itunes.app */,
			);
			name = Products;
			sourceTree = "<group>";
		};
		C1FC55581BE4BB4A00A2380A /* itunes */ = {
			isa = PBXGroup;
			children = (
				C1FC55821BE4BC4800A2380A /* Application */,
				C1FC558E1BE4BC4800A2380A /* Business Logic */,
				C1FC55731BE4BC4800A2380A /* Resources */,
				C1FC557B1BE4BC4800A2380A /* View Controllers */,
				C1FC558A1BE4BC4800A2380A /* Views */,
			);
			path = itunes;
			sourceTree = "<group>";
		};
		C1FC55731BE4BC4800A2380A /* Resources */ = {
			isa = PBXGroup;
			children = (
				C1FC55741BE4BC4800A2380A /* Assets.xcassets */,
				C1FC55751BE4BC4800A2380A /* LaunchScreen.storyboard */,
				C1FC55771BE4BC4800A2380A /* Main.storyboard */,
				C1FC55791BE4BC4800A2380A /* Info.plist */,
				C1FC557A1BE4BC4800A2380A /* main.m */,
			);
			path = Resources;
			sourceTree = "<group>";
		};
		C1FC557B1BE4BC4800A2380A /* View Controllers */ = {
			isa = PBXGroup;
			children = (
				C1FC557C1BE4BC4800A2380A /* Detail */,
				C1FC557F1BE4BC4800A2380A /* Master */,
			);
			path = "View Controllers";
			sourceTree = "<group>";
		};
		C1FC557C1BE4BC4800A2380A /* Detail */ = {
			isa = PBXGroup;
			children = (
				C1FC557D1BE4BC4800A2380A /* DetailViewController.h */,
				C1FC557E1BE4BC4800A2380A /* DetailViewController.m */,
			);
			path = Detail;
			sourceTree = "<group>";
		};
		C1FC557F1BE4BC4800A2380A /* Master */ = {
			isa = PBXGroup;
			children = (
				C1FC55801BE4BC4800A2380A /* MasterViewController.h */,
				C1FC55811BE4BC4800A2380A /* MasterViewController.m */,
			);
			path = Master;
			sourceTree = "<group>";
		};
		C1FC55821BE4BC4800A2380A /* Application */ = {
			isa = PBXGroup;
			children = (
				C1FC55831BE4BC4800A2380A /* AppAssembly.h */,
				C1FC55841BE4BC4800A2380A /* AppAssembly.m */,
				C1FC55851BE4BC4800A2380A /* AppDelegate.h */,
				C1FC55861BE4BC4800A2380A /* AppDelegate.m */,
				C1FC55871BE4BC4800A2380A /* AppStyle.h */,
				C1FC55881BE4BC4800A2380A /* AppStyle.m */,
				C1FC55891BE4BC4800A2380A /* Categories */,
			);
			path = Application;
			sourceTree = "<group>";
		};
		C1FC55891BE4BC4800A2380A /* Categories */ = {
			isa = PBXGroup;
			children = (
				C13449D41BE74A9400882D33 /* UIView+MotionEffect.h */,
				C13449D51BE74A9400882D33 /* UIView+MotionEffect.m */,
			);
			path = Categories;
			sourceTree = "<group>";
		};
		C1FC558A1BE4BC4800A2380A /* Views */ = {
			isa = PBXGroup;
			children = (
				C1FC558B1BE4BC4800A2380A /* SongTableViewCell.h */,
				C1FC558C1BE4BC4800A2380A /* SongTableViewCell.m */,
				C1FC558D1BE4BC4800A2380A /* SongTableViewCell.xib */,
			);
			path = Views;
			sourceTree = "<group>";
		};
		C1FC558E1BE4BC4800A2380A /* Business Logic */ = {
			isa = PBXGroup;
			children = (
				C1FC558F1BE4BC4800A2380A /* Model */,
				C1FC55961BE4BC4800A2380A /* Remote Services */,
				C1FC55991BE4BC4800A2380A /* Services */,
			);
			path = "Business Logic";
			sourceTree = "<group>";
		};
		C1FC558F1BE4BC4800A2380A /* Model */ = {
			isa = PBXGroup;
			children = (
				C13449D11BE4D6BE00882D33 /* Song.h */,
				C13449D21BE4D6BE00882D33 /* Song.m */,
			);
			path = Model;
			sourceTree = "<group>";
		};
		C1FC55961BE4BC4800A2380A /* Remote Services */ = {
			isa = PBXGroup;
			children = (
				C1FC55971BE4BC4800A2380A /* ItunesRemoteService.h */,
				C1FC55981BE4BC4800A2380A /* ItunesRemoteService.m */,
				C13449D71BE74C8A00882D33 /* URLSessionOperation.h */,
				C13449D81BE74C8A00882D33 /* URLSessionOperation.m */,
			);
			path = "Remote Services";
			sourceTree = "<group>";
		};
		C1FC55991BE4BC4800A2380A /* Services */ = {
			isa = PBXGroup;
			children = (
				C1FC559A1BE4BC4800A2380A /* ItunesService.h */,
				C1FC559B1BE4BC4800A2380A /* ItunesService.m */,
				C1FC559C1BE4BC4800A2380A /* ImageService.h */,
				C1FC559D1BE4BC4800A2380A /* ImageService.m */,
			);
			path = Services;
			sourceTree = "<group>";
		};
/* End PBXGroup section */

/* Begin PBXNativeTarget section */
		C1FC55551BE4BB4A00A2380A /* itunes */ = {
			isa = PBXNativeTarget;
			buildConfigurationList = C1FC55701BE4BB4A00A2380A /* Build configuration list for PBXNativeTarget "itunes" */;
			buildPhases = (
				C1FC55521BE4BB4A00A2380A /* Sources */,
				C1FC55531BE4BB4A00A2380A /* Frameworks */,
				C1FC55541BE4BB4A00A2380A /* Resources */,
			);
			buildRules = (
			);
			dependencies = (
			);
			name = itunes;
			productName = itunes;
			productReference = C1FC55561BE4BB4A00A2380A /* itunes.app */;
			productType = "com.apple.product-type.application";
		};
/* End PBXNativeTarget section */

/* Begin PBXProject section */
		C1FC554E1BE4BB4A00A2380A /* Project object */ = {
			isa = PBXProject;
			attributes = {
				LastUpgradeCheck = 0710;
				ORGANIZATIONNAME = "Martin Lloyd";
				TargetAttributes = {
					C1FC55551BE4BB4A00A2380A = {
						CreatedOnToolsVersion = 7.1;
					};
				};
			};
			buildConfigurationList = C1FC55511BE4BB4A00A2380A /* Build configuration list for PBXProject "itunes" */;
			compatibilityVersion = "Xcode 3.2";
			developmentRegion = English;
			hasScannedForEncodings = 0;
			knownRegions = (
				en,
				Base,
			);
			mainGroup = C1FC554D1BE4BB4A00A2380A;
			productRefGroup = C1FC55571BE4BB4A00A2380A /* Products */;
			projectDirPath = "";
			projectRoot = "";
			targets = (
				C1FC55551BE4BB4A00A2380A /* itunes */,
			);
		};
/* End PBXProject section */

/* Begin PBXResourcesBuildPhase section */
		C1FC55541BE4BB4A00A2380A /* Resources */ = {
			isa = PBXResourcesBuildPhase;
			buildActionMask = 2147483647;
			files = (
				C1FC55A91BE4BC4800A2380A /* SongTableViewCell.xib in Resources */,
				C1FC55A01BE4BC4800A2380A /* Main.storyboard in Resources */,
				C1FC559E1BE4BC4800A2380A /* Assets.xcassets in Resources */,
				C1FC559F1BE4BC4800A2380A /* LaunchScreen.storyboard in Resources */,
			);
			runOnlyForDeploymentPostprocessing = 0;
		};
/* End PBXResourcesBuildPhase section */

/* Begin PBXSourcesBuildPhase section */
		C1FC55521BE4BB4A00A2380A /* Sources */ = {
			isa = PBXSourcesBuildPhase;
			buildActionMask = 2147483647;
			files = (
				C1FC55A21BE4BC4800A2380A /* main.m in Sources */,
				C1FC55A51BE4BC4800A2380A /* AppAssembly.m in Sources */,
				C1FC55A41BE4BC4800A2380A /* MasterViewController.m in Sources */,
				C13449D61BE74A9400882D33 /* UIView+MotionEffect.m in Sources */,
				C1FC55AE1BE4BC4800A2380A /* ItunesService.m in Sources */,
				C13449D91BE74C8A00882D33 /* URLSessionOperation.m in Sources */,
				C1FC55AD1BE4BC4800A2380A /* ItunesRemoteService.m in Sources */,
				C13449D31BE4D6BE00882D33 /* Song.m in Sources */,
				C1FC55A31BE4BC4800A2380A /* DetailViewController.m in Sources */,
				C1FC55AF1BE4BC4800A2380A /* ImageService.m in Sources */,
				C1FC55A61BE4BC4800A2380A /* AppDelegate.m in Sources */,
				C1FC55A81BE4BC4800A2380A /* SongTableViewCell.m in Sources */,
				C1FC55A71BE4BC4800A2380A /* AppStyle.m in Sources */,
			);
			runOnlyForDeploymentPostprocessing = 0;
		};
/* End PBXSourcesBuildPhase section */

/* Begin PBXVariantGroup section */
		C1FC55751BE4BC4800A2380A /* LaunchScreen.storyboard */ = {
			isa = PBXVariantGroup;
			children = (
				C1FC55761BE4BC4800A2380A /* Base */,
			);
			name = LaunchScreen.storyboard;
			sourceTree = "<group>";
		};
		C1FC55771BE4BC4800A2380A /* Main.storyboard */ = {
			isa = PBXVariantGroup;
			children = (
				C1FC55781BE4BC4800A2380A /* Base */,
			);
			name = Main.storyboard;
			sourceTree = "<group>";
		};
/* End PBXVariantGroup section */

/* Begin XCBuildConfiguration section */
		C1FC556E1BE4BB4A00A2380A /* Debug */ = {
			isa = XCBuildConfiguration;
			buildSettings = {
				ALWAYS_SEARCH_USER_PATHS = NO;
				CLANG_CXX_LANGUAGE_STANDARD = "gnu++0x";
				CLANG_CXX_LIBRARY = "libc++";
				CLANG_ENABLE_MODULES = YES;
				CLANG_ENABLE_OBJC_ARC = YES;
				CLANG_WARN_BOOL_CONVERSION = YES;
				CLANG_WARN_CONSTANT_CONVERSION = YES;
				CLANG_WARN_DIRECT_OBJC_ISA_USAGE = YES_ERROR;
				CLANG_WARN_EMPTY_BODY = YES;
				CLANG_WARN_ENUM_CONVERSION = YES;
				CLANG_WARN_INT_CONVERSION = YES;
				CLANG_WARN_OBJC_ROOT_CLASS = YES_ERROR;
				CLANG_WARN_UNREACHABLE_CODE = YES;
				CLANG_WARN__DUPLICATE_METHOD_MATCH = YES;
				"CODE_SIGN_IDENTITY[sdk=iphoneos*]" = "iPhone Developer";
				COPY_PHASE_STRIP = NO;
				DEBUG_INFORMATION_FORMAT = dwarf;
				ENABLE_STRICT_OBJC_MSGSEND = YES;
				ENABLE_TESTABILITY = YES;
				GCC_C_LANGUAGE_STANDARD = gnu99;
				GCC_DYNAMIC_NO_PIC = NO;
				GCC_NO_COMMON_BLOCKS = YES;
				GCC_OPTIMIZATION_LEVEL = 0;
				GCC_PREPROCESSOR_DEFINITIONS = (
					"DEBUG=1",
					"$(inherited)",
				);
				GCC_WARN_64_TO_32_BIT_CONVERSION = YES;
				GCC_WARN_ABOUT_RETURN_TYPE = YES_ERROR;
				GCC_WARN_UNDECLARED_SELECTOR = YES;
				GCC_WARN_UNINITIALIZED_AUTOS = YES_AGGRESSIVE;
				GCC_WARN_UNUSED_FUNCTION = YES;
				GCC_WARN_UNUSED_VARIABLE = YES;
				IPHONEOS_DEPLOYMENT_TARGET = 9.1;
				MTL_ENABLE_DEBUG_INFO = YES;
				ONLY_ACTIVE_ARCH = YES;
				SDKROOT = iphoneos;
				TARGETED_DEVICE_FAMILY = "1,2";
			};
			name = Debug;
		};
		C1FC556F1BE4BB4A00A2380A /* Release */ = {
			isa = XCBuildConfiguration;
			buildSettings = {
				ALWAYS_SEARCH_USER_PATHS = NO;
				CLANG_CXX_LANGUAGE_STANDARD = "gnu++0x";
				CLANG_CXX_LIBRARY = "libc++";
				CLANG_ENABLE_MODULES = YES;
				CLANG_ENABLE_OBJC_ARC = YES;
				CLANG_WARN_BOOL_CONVERSION = YES;
				CLANG_WARN_CONSTANT_CONVERSION = YES;
				CLANG_WARN_DIRECT_OBJC_ISA_USAGE = YES_ERROR;
				CLANG_WARN_EMPTY_BODY = YES;
				CLANG_WARN_ENUM_CONVERSION = YES;
				CLANG_WARN_INT_CONVERSION = YES;
				CLANG_WARN_OBJC_ROOT_CLASS = YES_ERROR;
				CLANG_WARN_UNREACHABLE_CODE = YES;
				CLANG_WARN__DUPLICATE_METHOD_MATCH = YES;
				"CODE_SIGN_IDENTITY[sdk=iphoneos*]" = "iPhone Developer";
				COPY_PHASE_STRIP = NO;
				DEBUG_INFORMATION_FORMAT = "dwarf-with-dsym";
				ENABLE_NS_ASSERTIONS = NO;
				ENABLE_STRICT_OBJC_MSGSEND = YES;
				GCC_C_LANGUAGE_STANDARD = gnu99;
				GCC_NO_COMMON_BLOCKS = YES;
				GCC_WARN_64_TO_32_BIT_CONVERSION = YES;
				GCC_WARN_ABOUT_RETURN_TYPE = YES_ERROR;
				GCC_WARN_UNDECLARED_SELECTOR = YES;
				GCC_WARN_UNINITIALIZED_AUTOS = YES_AGGRESSIVE;
				GCC_WARN_UNUSED_FUNCTION = YES;
				GCC_WARN_UNUSED_VARIABLE = YES;
				IPHONEOS_DEPLOYMENT_TARGET = 9.1;
				MTL_ENABLE_DEBUG_INFO = NO;
				SDKROOT = iphoneos;
				TARGETED_DEVICE_FAMILY = "1,2";
				VALIDATE_PRODUCT = YES;
			};
			name = Release;
		};
		C1FC55711BE4BB4A00A2380A /* Debug */ = {
			isa = XCBuildConfiguration;
			buildSettings = {
				ASSETCATALOG_COMPILER_APPICON_NAME = AppIcon;
				INFOPLIST_FILE = "$(SRCROOT)/itunes/Resources/Info.plist";
				IPHONEOS_DEPLOYMENT_TARGET = 9.0;
				LD_RUNPATH_SEARCH_PATHS = "$(inherited) @executable_path/Frameworks";
				PRODUCT_BUNDLE_IDENTIFIER = mlloyd.itunes;
				PRODUCT_NAME = "$(TARGET_NAME)";
			};
			name = Debug;
		};
		C1FC55721BE4BB4A00A2380A /* Release */ = {
			isa = XCBuildConfiguration;
			buildSettings = {
				ASSETCATALOG_COMPILER_APPICON_NAME = AppIcon;
				INFOPLIST_FILE = "$(SRCROOT)/itunes/Resources/Info.plist";
				IPHONEOS_DEPLOYMENT_TARGET = 9.0;
				LD_RUNPATH_SEARCH_PATHS = "$(inherited) @executable_path/Frameworks";
				PRODUCT_BUNDLE_IDENTIFIER = mlloyd.itunes;
				PRODUCT_NAME = "$(TARGET_NAME)";
			};
			name = Release;
		};
/* End XCBuildConfiguration section */

/* Begin XCConfigurationList section */
		C1FC55511BE4BB4A00A2380A /* Build configuration list for PBXProject "itunes" */ = {
			isa = XCConfigurationList;
			buildConfigurations = (
				C1FC556E1BE4BB4A00A2380A /* Debug */,
				C1FC556F1BE4BB4A00A2380A /* Release */,
			);
			defaultConfigurationIsVisible = 0;
			defaultConfigurationName = Release;
		};
		C1FC55701BE4BB4A00A2380A /* Build configuration list for PBXNativeTarget "itunes" */ = {
			isa = XCConfigurationList;
			buildConfigurations = (
				C1FC55711BE4BB4A00A2380A /* Debug */,
				C1FC55721BE4BB4A00A2380A /* Release */,
			);
			defaultConfigurationIsVisible = 0;
			defaultConfigurationName = Release;
		};
/* End XCConfigurationList section */
	};
	rootObject = C1FC554E1BE4BB4A00A2380A /* Project object */;
}
